
Microsoft Visual Studio Solution File, Format Version 12.00
# Visual Studio Version 17
VisualStudioVersion = 17.9.34728.123
MinimumVisualStudioVersion = 10.0.40219.1
Project("{FAE04EC0-301F-11D3-BF4B-00C04F79EFBC}") = "Paxer", "Paxer.csproj", "{A705B60B-E84D-4CFF-A013-3CA082E08029}"
EndProject
Global
	GlobalSection(SolutionConfigurationPlatforms) = preSolution
		Debug|Any CPU = Debug|Any CPU
		Release|Any CPU = Release|Any CPU
	EndGlobalSection
	GlobalSection(ProjectConfigurationPlatforms) = postSolution
		{A705B60B-E84D-4CFF-A013-3CA082E08029}.Debug|Any CPU.ActiveCfg = Debug|Any CPU
		{A705B60B-E84D-4CFF-A013-3CA082E08029}.Debug|Any CPU.Build.0 = Debug|Any CPU
		{A705B60B-E84D-4CFF-A013-3CA082E08029}.Release|Any CPU.ActiveCfg = Release|Any CPU
		{A705B60B-E84D-4CFF-A013-3CA082E08029}.Release|Any CPU.Build.0 = Release|Any CPU
	EndGlobalSection
	GlobalSection(SolutionProperties) = preSolution
		HideSolutionNode = FALSE
	EndGlobalSection
	GlobalSection(ExtensibilityGlobals) = postSolution
		SolutionGuid = {BEC72E16-4BD1-45C0-8C46-ACA1D8372398}
	EndGlobalSection
EndGlobal
